
Microsoft Visual Studio Solution File, Format Version 12.00
# Visual Studio 15
VisualStudioVersion = 15.0.26124.0
MinimumVisualStudioVersion = 15.0.26124.0
Project("{FAE04EC0-301F-11D3-BF4B-00C04F79EFBC}") = "SlidingWindow", "SlidingWindow\SlidingWindow.csproj", "{B2DA22C2-73A5-4064-A14B-3542143291A2}"
EndProject
Project("{FAE04EC0-301F-11D3-BF4B-00C04F79EFBC}") = "SlidingWindow.Tests", "SlidingWindow.Tests\SlidingWindow.Tests.csproj", "{63A32AFA-FBD5-47D5-AEF6-F0B471AC562A}"
EndProject
Global
	GlobalSection(SolutionConfigurationPlatforms) = preSolution
		Debug|Any CPU = Debug|Any CPU
		Debug|x64 = Debug|x64
		Debug|x86 = Debug|x86
		Release|Any CPU = Release|Any CPU
		Release|x64 = Release|x64
		Release|x86 = Release|x86
	EndGlobalSection
	GlobalSection(SolutionProperties) = preSolution
		HideSolutionNode = FALSE
	EndGlobalSection
	GlobalSection(ProjectConfigurationPlatforms) = postSolution
		{B2DA22C2-73A5-4064-A14B-3542143291A2}.Debug|Any CPU.ActiveCfg = Debug|Any CPU
		{B2DA22C2-73A5-4064-A14B-3542143291A2}.Debug|Any CPU.Build.0 = Debug|Any CPU
		{B2DA22C2-73A5-4064-A14B-3542143291A2}.Debug|x64.ActiveCfg = Debug|Any CPU
		{B2DA22C2-73A5-4064-A14B-3542143291A2}.Debug|x64.Build.0 = Debug|Any CPU
		{B2DA22C2-73A5-4064-A14B-3542143291A2}.Debug|x86.ActiveCfg = Debug|Any CPU
		{B2DA22C2-73A5-4064-A14B-3542143291A2}.Debug|x86.Build.0 = Debug|Any CPU
		{B2DA22C2-73A5-4064-A14B-3542143291A2}.Release|Any CPU.ActiveCfg = Release|Any CPU
		{B2DA22C2-73A5-4064-A14B-3542143291A2}.Release|Any CPU.Build.0 = Release|Any CPU
		{B2DA22C2-73A5-4064-A14B-3542143291A2}.Release|x64.ActiveCfg = Release|Any CPU
		{B2DA22C2-73A5-4064-A14B-3542143291A2}.Release|x64.Build.0 = Release|Any CPU
		{B2DA22C2-73A5-4064-A14B-3542143291A2}.Release|x86.ActiveCfg = Release|Any CPU
		{B2DA22C2-73A5-4064-A14B-3542143291A2}.Release|x86.Build.0 = Release|Any CPU
		{63A32AFA-FBD5-47D5-AEF6-F0B471AC562A}.Debug|Any CPU.ActiveCfg = Debug|Any CPU
		{63A32AFA-FBD5-47D5-AEF6-F0B471AC562A}.Debug|Any CPU.Build.0 = Debug|Any CPU
		{63A32AFA-FBD5-47D5-AEF6-F0B471AC562A}.Debug|x64.ActiveCfg = Debug|Any CPU
		{63A32AFA-FBD5-47D5-AEF6-F0B471AC562A}.Debug|x64.Build.0 = Debug|Any CPU
		{63A32AFA-FBD5-47D5-AEF6-F0B471AC562A}.Debug|x86.ActiveCfg = Debug|Any CPU
		{63A32AFA-FBD5-47D5-AEF6-F0B471AC562A}.Debug|x86.Build.0 = Debug|Any CPU
		{63A32AFA-FBD5-47D5-AEF6-F0B471AC562A}.Release|Any CPU.ActiveCfg = Release|Any CPU
		{63A32AFA-FBD5-47D5-AEF6-F0B471AC562A}.Release|Any CPU.Build.0 = Release|Any CPU
		{63A32AFA-FBD5-47D5-AEF6-F0B471AC562A}.Release|x64.ActiveCfg = Release|Any CPU
		{63A32AFA-FBD5-47D5-AEF6-F0B471AC562A}.Release|x64.Build.0 = Release|Any CPU
		{63A32AFA-FBD5-47D5-AEF6-F0B471AC562A}.Release|x86.ActiveCfg = Release|Any CPU
		{63A32AFA-FBD5-47D5-AEF6-F0B471AC562A}.Release|x86.Build.0 = Release|Any CPU
	EndGlobalSection
EndGlobal
